{
  "name": "didupapi",
  "version": "1.0.1-beta1",
  "lockfileVersion": 1,
  "requires": true,
  "dependencies": {
    "console-error": {
      "version": "0.0.4",
      "resolved": "https://registry.npmjs.org/console-error/-/console-error-0.0.4.tgz",
      "integrity": "sha1-HzhX23jUolzMrCvG0BL3CCvWfRw="
    },
    "node-fetch": {
      "version": "2.6.1",
      "resolved": "https://registry.npmjs.org/node-fetch/-/node-fetch-2.6.1.tgz",
      "integrity": "sha512-V4aYg89jEoVRxRb2fJdAg8FHvI7cEyYdVAh94HH0UIK8oJxUfkjlDQN9RbMx+bEjP7+ggMiFRprSti032Oipxw=="
    }
  }
}
